
Microsoft Visual Studio Solution File, Format Version 12.00
# Visual Studio Version 17
VisualStudioVersion = 17.3.32901.215
MinimumVisualStudioVersion = 10.0.40219.1
Project("{FAE04EC0-301F-11D3-BF4B-00C04F79EFBC}") = "webapiproject", "webapiproject.csproj", "{A6C24938-5FFF-4D05-A537-1ACFD20D9058}"
EndProject
Global
	GlobalSection(SolutionConfigurationPlatforms) = preSolution
		Debug|Any CPU = Debug|Any CPU
		Release|Any CPU = Release|Any CPU
	EndGlobalSection
	GlobalSection(ProjectConfigurationPlatforms) = postSolution
		{A6C24938-5FFF-4D05-A537-1ACFD20D9058}.Debug|Any CPU.ActiveCfg = Debug|Any CPU
		{A6C24938-5FFF-4D05-A537-1ACFD20D9058}.Debug|Any CPU.Build.0 = Debug|Any CPU
		{A6C24938-5FFF-4D05-A537-1ACFD20D9058}.Release|Any CPU.ActiveCfg = Release|Any CPU
		{A6C24938-5FFF-4D05-A537-1ACFD20D9058}.Release|Any CPU.Build.0 = Release|Any CPU
	EndGlobalSection
	GlobalSection(SolutionProperties) = preSolution
		HideSolutionNode = FALSE
	EndGlobalSection
	GlobalSection(ExtensibilityGlobals) = postSolution
		SolutionGuid = {55BA5270-5CE7-4B17-9458-108B0F6E412F}
	EndGlobalSection
EndGlobal
